
Microsoft Visual Studio Solution File, Format Version 12.00
# Visual Studio 15
VisualStudioVersion = 15.0.28307.1231
MinimumVisualStudioVersion = 10.0.40219.1
Project("{FAE04EC0-301F-11D3-BF4B-00C04F79EFBC}") = "TEST_MDI_DEMO", "TEST_MDI_DEMO\TEST_MDI_DEMO.csproj", "{788CC0A9-BCA6-4B88-A6C1-B2682FF267FA}"
EndProject
Global
	GlobalSection(SolutionConfigurationPlatforms) = preSolution
		Debug|Any CPU = Debug|Any CPU
		Release|Any CPU = Release|Any CPU
	EndGlobalSection
	GlobalSection(ProjectConfigurationPlatforms) = postSolution
		{788CC0A9-BCA6-4B88-A6C1-B2682FF267FA}.Debug|Any CPU.ActiveCfg = Debug|Any CPU
		{788CC0A9-BCA6-4B88-A6C1-B2682FF267FA}.Debug|Any CPU.Build.0 = Debug|Any CPU
		{788CC0A9-BCA6-4B88-A6C1-B2682FF267FA}.Release|Any CPU.ActiveCfg = Release|Any CPU
		{788CC0A9-BCA6-4B88-A6C1-B2682FF267FA}.Release|Any CPU.Build.0 = Release|Any CPU
	EndGlobalSection
	GlobalSection(SolutionProperties) = preSolution
		HideSolutionNode = FALSE
	EndGlobalSection
	GlobalSection(ExtensibilityGlobals) = postSolution
		SolutionGuid = {80F40F88-EA2A-43F6-9D47-CDFEDB80916C}
	EndGlobalSection
EndGlobal
