
Microsoft Visual Studio Solution File, Format Version 12.00
# Visual Studio 15
VisualStudioVersion = 15.0.28307.1231
MinimumVisualStudioVersion = 10.0.40219.1
Project("{FAE04EC0-301F-11D3-BF4B-00C04F79EFBC}") = "ReadTXTDemo", "ReadTXTDemo\ReadTXTDemo.csproj", "{37E5D14F-1C8A-49B8-AE0C-A7A827925492}"
EndProject
Global
	GlobalSection(SolutionConfigurationPlatforms) = preSolution
		Debug|Any CPU = Debug|Any CPU
		Release|Any CPU = Release|Any CPU
	EndGlobalSection
	GlobalSection(ProjectConfigurationPlatforms) = postSolution
		{37E5D14F-1C8A-49B8-AE0C-A7A827925492}.Debug|Any CPU.ActiveCfg = Debug|Any CPU
		{37E5D14F-1C8A-49B8-AE0C-A7A827925492}.Debug|Any CPU.Build.0 = Debug|Any CPU
		{37E5D14F-1C8A-49B8-AE0C-A7A827925492}.Release|Any CPU.ActiveCfg = Release|Any CPU
		{37E5D14F-1C8A-49B8-AE0C-A7A827925492}.Release|Any CPU.Build.0 = Release|Any CPU
	EndGlobalSection
	GlobalSection(SolutionProperties) = preSolution
		HideSolutionNode = FALSE
	EndGlobalSection
	GlobalSection(ExtensibilityGlobals) = postSolution
		SolutionGuid = {5EBC3317-40FD-4B6C-B326-5BE80A3AA5F3}
	EndGlobalSection
EndGlobal
